
Microsoft Visual Studio Solution File, Format Version 12.00
# Visual Studio Version 17
VisualStudioVersion = 17.11.35327.3
MinimumVisualStudioVersion = 10.0.40219.1
Project("{FAE04EC0-301F-11D3-BF4B-00C04F79EFBC}") = "Bai5-local", "Bai5-local.csproj", "{DBA4326C-DED5-4C0B-95AA-C684EAB329C8}"
EndProject
Global
	GlobalSection(SolutionConfigurationPlatforms) = preSolution
		Debug|Any CPU = Debug|Any CPU
		Release|Any CPU = Release|Any CPU
	EndGlobalSection
	GlobalSection(ProjectConfigurationPlatforms) = postSolution
		{DBA4326C-DED5-4C0B-95AA-C684EAB329C8}.Debug|Any CPU.ActiveCfg = Debug|Any CPU
		{DBA4326C-DED5-4C0B-95AA-C684EAB329C8}.Debug|Any CPU.Build.0 = Debug|Any CPU
		{DBA4326C-DED5-4C0B-95AA-C684EAB329C8}.Release|Any CPU.ActiveCfg = Release|Any CPU
		{DBA4326C-DED5-4C0B-95AA-C684EAB329C8}.Release|Any CPU.Build.0 = Release|Any CPU
	EndGlobalSection
	GlobalSection(SolutionProperties) = preSolution
		HideSolutionNode = FALSE
	EndGlobalSection
	GlobalSection(ExtensibilityGlobals) = postSolution
		SolutionGuid = {4296971B-A83E-4EF8-B6DD-A435812F96E7}
	EndGlobalSection
EndGlobal
