
Microsoft Visual Studio Solution File, Format Version 12.00
# Visual Studio Version 17
VisualStudioVersion = 17.11.35327.3
MinimumVisualStudioVersion = 10.0.40219.1
Project("{FAE04EC0-301F-11D3-BF4B-00C04F79EFBC}") = "Bai6-2", "Bai6-2.csproj", "{86FDABBF-D958-4761-B2E7-0ABA8DF8D566}"
EndProject
Global
	GlobalSection(SolutionConfigurationPlatforms) = preSolution
		Debug|Any CPU = Debug|Any CPU
		Release|Any CPU = Release|Any CPU
	EndGlobalSection
	GlobalSection(ProjectConfigurationPlatforms) = postSolution
		{86FDABBF-D958-4761-B2E7-0ABA8DF8D566}.Debug|Any CPU.ActiveCfg = Debug|Any CPU
		{86FDABBF-D958-4761-B2E7-0ABA8DF8D566}.Debug|Any CPU.Build.0 = Debug|Any CPU
		{86FDABBF-D958-4761-B2E7-0ABA8DF8D566}.Release|Any CPU.ActiveCfg = Release|Any CPU
		{86FDABBF-D958-4761-B2E7-0ABA8DF8D566}.Release|Any CPU.Build.0 = Release|Any CPU
	EndGlobalSection
	GlobalSection(SolutionProperties) = preSolution
		HideSolutionNode = FALSE
	EndGlobalSection
	GlobalSection(ExtensibilityGlobals) = postSolution
		SolutionGuid = {DFD263CD-7717-469F-9A76-3B3F8FD20D38}
	EndGlobalSection
EndGlobal
