
Microsoft Visual Studio Solution File, Format Version 12.00
# Visual Studio Version 17
VisualStudioVersion = 17.7.34202.233
MinimumVisualStudioVersion = 10.0.40219.1
Project("{FAE04EC0-301F-11D3-BF4B-00C04F79EFBC}") = "2021604440_HoangXuanQuy_OntapTuan13", "2021604440_HoangXuanQuy_OntapTuan13.csproj", "{F2B10F4A-FB3A-4E2B-9807-066A9532D2AB}"
EndProject
Global
	GlobalSection(SolutionConfigurationPlatforms) = preSolution
		Debug|Any CPU = Debug|Any CPU
		Release|Any CPU = Release|Any CPU
	EndGlobalSection
	GlobalSection(ProjectConfigurationPlatforms) = postSolution
		{F2B10F4A-FB3A-4E2B-9807-066A9532D2AB}.Debug|Any CPU.ActiveCfg = Debug|Any CPU
		{F2B10F4A-FB3A-4E2B-9807-066A9532D2AB}.Debug|Any CPU.Build.0 = Debug|Any CPU
		{F2B10F4A-FB3A-4E2B-9807-066A9532D2AB}.Release|Any CPU.ActiveCfg = Release|Any CPU
		{F2B10F4A-FB3A-4E2B-9807-066A9532D2AB}.Release|Any CPU.Build.0 = Release|Any CPU
	EndGlobalSection
	GlobalSection(SolutionProperties) = preSolution
		HideSolutionNode = FALSE
	EndGlobalSection
	GlobalSection(ExtensibilityGlobals) = postSolution
		SolutionGuid = {6081A45A-A2FE-47DE-85B4-23CE8F83BEFA}
	EndGlobalSection
EndGlobal
