
Microsoft Visual Studio Solution File, Format Version 12.00
# Visual Studio Version 17
VisualStudioVersion = 17.11.35312.102
MinimumVisualStudioVersion = 10.0.40219.1
Project("{FAE04EC0-301F-11D3-BF4B-00C04F79EFBC}") = "testcacthu", "testcacthu\testcacthu.csproj", "{D4B96D49-544C-4FA3-8F2D-46025EC1D50C}"
EndProject
Global
	GlobalSection(SolutionConfigurationPlatforms) = preSolution
		Debug|Any CPU = Debug|Any CPU
		Release|Any CPU = Release|Any CPU
	EndGlobalSection
	GlobalSection(ProjectConfigurationPlatforms) = postSolution
		{D4B96D49-544C-4FA3-8F2D-46025EC1D50C}.Debug|Any CPU.ActiveCfg = Debug|Any CPU
		{D4B96D49-544C-4FA3-8F2D-46025EC1D50C}.Debug|Any CPU.Build.0 = Debug|Any CPU
		{D4B96D49-544C-4FA3-8F2D-46025EC1D50C}.Release|Any CPU.ActiveCfg = Release|Any CPU
		{D4B96D49-544C-4FA3-8F2D-46025EC1D50C}.Release|Any CPU.Build.0 = Release|Any CPU
	EndGlobalSection
	GlobalSection(SolutionProperties) = preSolution
		HideSolutionNode = FALSE
	EndGlobalSection
	GlobalSection(ExtensibilityGlobals) = postSolution
		SolutionGuid = {D659A963-2A74-47AF-9FD1-F5134FB25FF8}
	EndGlobalSection
EndGlobal
