
Microsoft Visual Studio Solution File, Format Version 12.00
# Visual Studio Version 17
VisualStudioVersion = 17.11.35327.3
MinimumVisualStudioVersion = 10.0.40219.1
Project("{FAE04EC0-301F-11D3-BF4B-00C04F79EFBC}") = "test kttx1 asp.net", "test kttx1 asp.net.csproj", "{286DD66C-D307-4374-A9AE-E0C35251DD64}"
EndProject
Global
	GlobalSection(SolutionConfigurationPlatforms) = preSolution
		Debug|Any CPU = Debug|Any CPU
		Release|Any CPU = Release|Any CPU
	EndGlobalSection
	GlobalSection(ProjectConfigurationPlatforms) = postSolution
		{286DD66C-D307-4374-A9AE-E0C35251DD64}.Debug|Any CPU.ActiveCfg = Debug|Any CPU
		{286DD66C-D307-4374-A9AE-E0C35251DD64}.Debug|Any CPU.Build.0 = Debug|Any CPU
		{286DD66C-D307-4374-A9AE-E0C35251DD64}.Release|Any CPU.ActiveCfg = Release|Any CPU
		{286DD66C-D307-4374-A9AE-E0C35251DD64}.Release|Any CPU.Build.0 = Release|Any CPU
	EndGlobalSection
	GlobalSection(SolutionProperties) = preSolution
		HideSolutionNode = FALSE
	EndGlobalSection
	GlobalSection(ExtensibilityGlobals) = postSolution
		SolutionGuid = {52F3F6CA-C227-4C77-8F5C-A74074B37293}
	EndGlobalSection
EndGlobal
